
Microsoft Visual Studio Solution File, Format Version 12.00
# Visual Studio Version 17
VisualStudioVersion = 17.9.34728.123
MinimumVisualStudioVersion = 10.0.40219.1
Project("{9A19103F-16F7-4668-BE54-9A1E7A4F7556}") = "qlsvHoang", "qlsvHoang\qlsvHoang.csproj", "{06CE2F7E-65CF-4344-80F2-E78C412A0355}"
EndProject
Project("{FAE04EC0-301F-11D3-BF4B-00C04F79EFBC}") = "TesstProjectHoang", "TesstProjectHoang\TesstProjectHoang.csproj", "{505F8749-066C-4F12-87F9-D70364FC9265}"
EndProject
Global
	GlobalSection(SolutionConfigurationPlatforms) = preSolution
		Debug|Any CPU = Debug|Any CPU
		Release|Any CPU = Release|Any CPU
	EndGlobalSection
	GlobalSection(ProjectConfigurationPlatforms) = postSolution
		{06CE2F7E-65CF-4344-80F2-E78C412A0355}.Debug|Any CPU.ActiveCfg = Debug|Any CPU
		{06CE2F7E-65CF-4344-80F2-E78C412A0355}.Debug|Any CPU.Build.0 = Debug|Any CPU
		{06CE2F7E-65CF-4344-80F2-E78C412A0355}.Release|Any CPU.ActiveCfg = Release|Any CPU
		{06CE2F7E-65CF-4344-80F2-E78C412A0355}.Release|Any CPU.Build.0 = Release|Any CPU
		{505F8749-066C-4F12-87F9-D70364FC9265}.Debug|Any CPU.ActiveCfg = Debug|Any CPU
		{505F8749-066C-4F12-87F9-D70364FC9265}.Debug|Any CPU.Build.0 = Debug|Any CPU
		{505F8749-066C-4F12-87F9-D70364FC9265}.Release|Any CPU.ActiveCfg = Release|Any CPU
		{505F8749-066C-4F12-87F9-D70364FC9265}.Release|Any CPU.Build.0 = Release|Any CPU
	EndGlobalSection
	GlobalSection(SolutionProperties) = preSolution
		HideSolutionNode = FALSE
	EndGlobalSection
	GlobalSection(ExtensibilityGlobals) = postSolution
		SolutionGuid = {27D6BB66-7304-4D46-8A55-5D7E59FD7F29}
	EndGlobalSection
EndGlobal
